
Microsoft Visual Studio Solution File, Format Version 12.00
# Visual Studio Version 17
VisualStudioVersion = 17.11.35222.181
MinimumVisualStudioVersion = 10.0.40219.1
Project("{FAE04EC0-301F-11D3-BF4B-00C04F79EFBC}") = "Repositories", "Repositories\Repositories.csproj", "{77AF30A1-5468-43B2-8776-1684D5E1270E}"
EndProject
Project("{FAE04EC0-301F-11D3-BF4B-00C04F79EFBC}") = "Services", "Services\Services.csproj", "{E72EF659-7A6F-48E2-AB56-1FBEFD9D8DD0}"
EndProject
Project("{FAE04EC0-301F-11D3-BF4B-00C04F79EFBC}") = "KidTracking.API", "KidTracking.API\KidTracking.API.csproj", "{D17CE33F-0990-45AD-869E-539ABF1D9EC6}"
EndProject
Global
	GlobalSection(SolutionConfigurationPlatforms) = preSolution
		Debug|Any CPU = Debug|Any CPU
		Release|Any CPU = Release|Any CPU
	EndGlobalSection
	GlobalSection(ProjectConfigurationPlatforms) = postSolution
		{77AF30A1-5468-43B2-8776-1684D5E1270E}.Debug|Any CPU.ActiveCfg = Debug|Any CPU
		{77AF30A1-5468-43B2-8776-1684D5E1270E}.Debug|Any CPU.Build.0 = Debug|Any CPU
		{77AF30A1-5468-43B2-8776-1684D5E1270E}.Release|Any CPU.ActiveCfg = Release|Any CPU
		{77AF30A1-5468-43B2-8776-1684D5E1270E}.Release|Any CPU.Build.0 = Release|Any CPU
		{E72EF659-7A6F-48E2-AB56-1FBEFD9D8DD0}.Debug|Any CPU.ActiveCfg = Debug|Any CPU
		{E72EF659-7A6F-48E2-AB56-1FBEFD9D8DD0}.Debug|Any CPU.Build.0 = Debug|Any CPU
		{E72EF659-7A6F-48E2-AB56-1FBEFD9D8DD0}.Release|Any CPU.ActiveCfg = Release|Any CPU
		{E72EF659-7A6F-48E2-AB56-1FBEFD9D8DD0}.Release|Any CPU.Build.0 = Release|Any CPU
		{D17CE33F-0990-45AD-869E-539ABF1D9EC6}.Debug|Any CPU.ActiveCfg = Debug|Any CPU
		{D17CE33F-0990-45AD-869E-539ABF1D9EC6}.Debug|Any CPU.Build.0 = Debug|Any CPU
		{D17CE33F-0990-45AD-869E-539ABF1D9EC6}.Release|Any CPU.ActiveCfg = Release|Any CPU
		{D17CE33F-0990-45AD-869E-539ABF1D9EC6}.Release|Any CPU.Build.0 = Release|Any CPU
	EndGlobalSection
	GlobalSection(SolutionProperties) = preSolution
		HideSolutionNode = FALSE
	EndGlobalSection
	GlobalSection(ExtensibilityGlobals) = postSolution
		SolutionGuid = {47ADF983-4DD3-4FE4-B34E-DC42A5620FA7}
	EndGlobalSection
EndGlobal
